
Microsoft Visual Studio Solution File, Format Version 12.00
Project("{FAE04EC0-301F-11D3-BF4B-00C04F79EFBC}") = "FileService", "src\FileService\FileService.csproj", "{5D3997A9-8CAA-40F3-A284-87509C2E739F}"
EndProject
Project("{2150E333-8FDC-42A3-9474-1A3956D46DE8}") = "src", "src", "{4712A7BC-730F-48D3-AD81-430A60241117}"
EndProject
Global
	GlobalSection(SolutionConfigurationPlatforms) = preSolution
		Debug|Any CPU = Debug|Any CPU
		Release|Any CPU = Release|Any CPU
	EndGlobalSection
	GlobalSection(ProjectConfigurationPlatforms) = postSolution
		{5D3997A9-8CAA-40F3-A284-87509C2E739F}.Debug|Any CPU.ActiveCfg = Debug|Any CPU
		{5D3997A9-8CAA-40F3-A284-87509C2E739F}.Debug|Any CPU.Build.0 = Debug|Any CPU
		{5D3997A9-8CAA-40F3-A284-87509C2E739F}.Release|Any CPU.ActiveCfg = Release|Any CPU
		{5D3997A9-8CAA-40F3-A284-87509C2E739F}.Release|Any CPU.Build.0 = Release|Any CPU
	EndGlobalSection
	GlobalSection(NestedProjects) = preSolution
		{5D3997A9-8CAA-40F3-A284-87509C2E739F} = {4712A7BC-730F-48D3-AD81-430A60241117}
	EndGlobalSection
EndGlobal
